
Microsoft Visual Studio Solution File, Format Version 12.00
# Visual Studio Version 17
VisualStudioVersion = 17.0.32014.148
MinimumVisualStudioVersion = 10.0.40219.1
Project("{FAE04EC0-301F-11D3-BF4B-00C04F79EFBC}") = "lec2_1_BasicStructureOfProgramming", "lec2_1_BasicStructureOfProgramming\lec2_1_BasicStructureOfProgramming.csproj", "{60571056-0940-40AF-8C12-5D47966278B0}"
EndProject
Project("{FAE04EC0-301F-11D3-BF4B-00C04F79EFBC}") = "lec3_1_1_DataType", "lec3_1_DataType\lec3_1_1_DataType.csproj", "{61A58906-B580-40AC-B322-DF20E4B62D61}"
EndProject
Project("{FAE04EC0-301F-11D3-BF4B-00C04F79EFBC}") = "lec3_1_2_DataType", "lec3_1_2_DataType\lec3_1_2_DataType.csproj", "{2A8D6735-12DA-4C13-B8CB-D7C1983BB83C}"
EndProject
Project("{FAE04EC0-301F-11D3-BF4B-00C04F79EFBC}") = "lec3_1_3_DataType", "lec3_1_3_DataType\lec3_1_3_DataType.csproj", "{6AC166C6-9013-4132-B379-EA4BCAB05D02}"
EndProject
Project("{FAE04EC0-301F-11D3-BF4B-00C04F79EFBC}") = "lec3_2_1_DataType", "lec3_2_1_DataType\lec3_2_1_DataType.csproj", "{A30D6E4A-FBE0-49E7-87E3-ABE00C57186D}"
EndProject
Project("{FAE04EC0-301F-11D3-BF4B-00C04F79EFBC}") = "lec3_3_1_DataType", "lec3_2_2_DataType\lec3_3_1_DataType.csproj", "{15CD230E-FB2C-4D3A-8C1C-585AC3F8A917}"
EndProject
Project("{FAE04EC0-301F-11D3-BF4B-00C04F79EFBC}") = "lec3_3_2_DataType", "lec3_3_2_DataType\lec3_3_2_DataType.csproj", "{35AE1E95-C43E-416E-BB6A-00982538ECB0}"
EndProject
Project("{FAE04EC0-301F-11D3-BF4B-00C04F79EFBC}") = "lec3_3_3_DataType", "lec3_3_3_DataType\lec3_3_3_DataType.csproj", "{BB54DCDD-CED1-41E0-A5D8-FAD8A1C0AA14}"
EndProject
Project("{FAE04EC0-301F-11D3-BF4B-00C04F79EFBC}") = "lec3_3_4_DataType", "lec_3_3_4_Datatype\lec3_3_4_DataType.csproj", "{53455192-ECDD-4EB8-B155-ED47E161BE57}"
EndProject
Project("{FAE04EC0-301F-11D3-BF4B-00C04F79EFBC}") = "lec4_1_1_basic", "lec4_1_1_basic\lec4_1_1_basic.csproj", "{5639011F-0ABD-45D6-B91D-B4448C266536}"
EndProject
Project("{FAE04EC0-301F-11D3-BF4B-00C04F79EFBC}") = "lec4_1_2_basic", "lec4_1_2_basic\lec4_1_2_basic.csproj", "{3990EA83-7E1E-46A2-844E-06B7D680CA29}"
EndProject
Project("{FAE04EC0-301F-11D3-BF4B-00C04F79EFBC}") = "lec4_1_3_basic", "lec4_1_3_basic\lec4_1_3_basic.csproj", "{68937D35-B5CE-497F-8F78-5C510DE2BB22}"
EndProject
Project("{FAE04EC0-301F-11D3-BF4B-00C04F79EFBC}") = "lec5_2_1_array", "lec5_2_1_array\lec5_2_1_array.csproj", "{F45574CE-FEAE-4679-806B-A083B24C74A0}"
EndProject
Project("{FAE04EC0-301F-11D3-BF4B-00C04F79EFBC}") = "lec5_2_2_array", "lec5_2_2_array\lec5_2_2_array.csproj", "{007BCD6B-FD00-4D64-B23F-6E72855D2C70}"
EndProject
Project("{FAE04EC0-301F-11D3-BF4B-00C04F79EFBC}") = "lec5_3_1_array", "lec5_3_1_array\lec5_3_1_array.csproj", "{D771807C-FF8E-4D75-BAD5-BDCAC6F12B33}"
EndProject
Project("{FAE04EC0-301F-11D3-BF4B-00C04F79EFBC}") = "lec5_3_2_array", "lec5_3_2_array\lec5_3_2_array.csproj", "{017A66EF-24FF-452F-AE0E-EEB592B22A8B}"
EndProject
Project("{FAE04EC0-301F-11D3-BF4B-00C04F79EFBC}") = "lec5_3_3_array", "lec5_3_3_array\lec5_3_3_array.csproj", "{A577F9CF-EDB1-40E8-827D-D6E932217AFA}"
EndProject
Project("{FAE04EC0-301F-11D3-BF4B-00C04F79EFBC}") = "lec6_1", "lec6_1\lec6_1.csproj", "{7108E27A-6188-46E5-A2CA-472119912966}"
EndProject
Project("{FAE04EC0-301F-11D3-BF4B-00C04F79EFBC}") = "lec6_2", "lec6_2\lec6_2.csproj", "{B5D72C1A-205C-4A86-8ED8-94EEE84E95C6}"
EndProject
Project("{FAE04EC0-301F-11D3-BF4B-00C04F79EFBC}") = "lec6_3", "lec6_3\lec6_3.csproj", "{A4AE8819-B24C-4D82-9790-DA4E0C50911F}"
EndProject
Project("{FAE04EC0-301F-11D3-BF4B-00C04F79EFBC}") = "lec6_4", "lec6_4\lec6_4.csproj", "{2BA4E424-44FC-41A7-A9B2-75739D30A162}"
EndProject
Project("{FAE04EC0-301F-11D3-BF4B-00C04F79EFBC}") = "lec6_5", "lec6_5\lec6_5.csproj", "{02993894-9429-4920-B054-DA72148573D1}"
EndProject
Project("{FAE04EC0-301F-11D3-BF4B-00C04F79EFBC}") = "lec6_6", "lec6_6\lec6_6.csproj", "{A93982C0-BC0F-48C3-8951-2D2CC1C81DCB}"
EndProject
Project("{FAE04EC0-301F-11D3-BF4B-00C04F79EFBC}") = "lec6_7", "lec6_7\lec6_7.csproj", "{58EB977F-008B-471F-B73D-C6F03B0835B8}"
EndProject
Project("{FAE04EC0-301F-11D3-BF4B-00C04F79EFBC}") = "lec6_8", "lec6_8\lec6_8.csproj", "{916FC180-8E6E-4CD5-A990-52E4E7947149}"
EndProject
Global
	GlobalSection(SolutionConfigurationPlatforms) = preSolution
		Debug|Any CPU = Debug|Any CPU
		Release|Any CPU = Release|Any CPU
	EndGlobalSection
	GlobalSection(ProjectConfigurationPlatforms) = postSolution
		{60571056-0940-40AF-8C12-5D47966278B0}.Debug|Any CPU.ActiveCfg = Debug|Any CPU
		{60571056-0940-40AF-8C12-5D47966278B0}.Debug|Any CPU.Build.0 = Debug|Any CPU
		{60571056-0940-40AF-8C12-5D47966278B0}.Release|Any CPU.ActiveCfg = Release|Any CPU
		{60571056-0940-40AF-8C12-5D47966278B0}.Release|Any CPU.Build.0 = Release|Any CPU
		{61A58906-B580-40AC-B322-DF20E4B62D61}.Debug|Any CPU.ActiveCfg = Debug|Any CPU
		{61A58906-B580-40AC-B322-DF20E4B62D61}.Debug|Any CPU.Build.0 = Debug|Any CPU
		{61A58906-B580-40AC-B322-DF20E4B62D61}.Release|Any CPU.ActiveCfg = Release|Any CPU
		{61A58906-B580-40AC-B322-DF20E4B62D61}.Release|Any CPU.Build.0 = Release|Any CPU
		{2A8D6735-12DA-4C13-B8CB-D7C1983BB83C}.Debug|Any CPU.ActiveCfg = Debug|Any CPU
		{2A8D6735-12DA-4C13-B8CB-D7C1983BB83C}.Debug|Any CPU.Build.0 = Debug|Any CPU
		{2A8D6735-12DA-4C13-B8CB-D7C1983BB83C}.Release|Any CPU.ActiveCfg = Release|Any CPU
		{2A8D6735-12DA-4C13-B8CB-D7C1983BB83C}.Release|Any CPU.Build.0 = Release|Any CPU
		{6AC166C6-9013-4132-B379-EA4BCAB05D02}.Debug|Any CPU.ActiveCfg = Debug|Any CPU
		{6AC166C6-9013-4132-B379-EA4BCAB05D02}.Debug|Any CPU.Build.0 = Debug|Any CPU
		{6AC166C6-9013-4132-B379-EA4BCAB05D02}.Release|Any CPU.ActiveCfg = Release|Any CPU
		{6AC166C6-9013-4132-B379-EA4BCAB05D02}.Release|Any CPU.Build.0 = Release|Any CPU
		{A30D6E4A-FBE0-49E7-87E3-ABE00C57186D}.Debug|Any CPU.ActiveCfg = Debug|Any CPU
		{A30D6E4A-FBE0-49E7-87E3-ABE00C57186D}.Debug|Any CPU.Build.0 = Debug|Any CPU
		{A30D6E4A-FBE0-49E7-87E3-ABE00C57186D}.Release|Any CPU.ActiveCfg = Release|Any CPU
		{A30D6E4A-FBE0-49E7-87E3-ABE00C57186D}.Release|Any CPU.Build.0 = Release|Any CPU
		{15CD230E-FB2C-4D3A-8C1C-585AC3F8A917}.Debug|Any CPU.ActiveCfg = Debug|Any CPU
		{15CD230E-FB2C-4D3A-8C1C-585AC3F8A917}.Debug|Any CPU.Build.0 = Debug|Any CPU
		{15CD230E-FB2C-4D3A-8C1C-585AC3F8A917}.Release|Any CPU.ActiveCfg = Release|Any CPU
		{15CD230E-FB2C-4D3A-8C1C-585AC3F8A917}.Release|Any CPU.Build.0 = Release|Any CPU
		{35AE1E95-C43E-416E-BB6A-00982538ECB0}.Debug|Any CPU.ActiveCfg = Debug|Any CPU
		{35AE1E95-C43E-416E-BB6A-00982538ECB0}.Debug|Any CPU.Build.0 = Debug|Any CPU
		{35AE1E95-C43E-416E-BB6A-00982538ECB0}.Release|Any CPU.ActiveCfg = Release|Any CPU
		{35AE1E95-C43E-416E-BB6A-00982538ECB0}.Release|Any CPU.Build.0 = Release|Any CPU
		{BB54DCDD-CED1-41E0-A5D8-FAD8A1C0AA14}.Debug|Any CPU.ActiveCfg = Debug|Any CPU
		{BB54DCDD-CED1-41E0-A5D8-FAD8A1C0AA14}.Debug|Any CPU.Build.0 = Debug|Any CPU
		{BB54DCDD-CED1-41E0-A5D8-FAD8A1C0AA14}.Release|Any CPU.ActiveCfg = Release|Any CPU
		{BB54DCDD-CED1-41E0-A5D8-FAD8A1C0AA14}.Release|Any CPU.Build.0 = Release|Any CPU
		{53455192-ECDD-4EB8-B155-ED47E161BE57}.Debug|Any CPU.ActiveCfg = Debug|Any CPU
		{53455192-ECDD-4EB8-B155-ED47E161BE57}.Debug|Any CPU.Build.0 = Debug|Any CPU
		{53455192-ECDD-4EB8-B155-ED47E161BE57}.Release|Any CPU.ActiveCfg = Release|Any CPU
		{53455192-ECDD-4EB8-B155-ED47E161BE57}.Release|Any CPU.Build.0 = Release|Any CPU
		{5639011F-0ABD-45D6-B91D-B4448C266536}.Debug|Any CPU.ActiveCfg = Debug|Any CPU
		{5639011F-0ABD-45D6-B91D-B4448C266536}.Debug|Any CPU.Build.0 = Debug|Any CPU
		{5639011F-0ABD-45D6-B91D-B4448C266536}.Release|Any CPU.ActiveCfg = Release|Any CPU
		{5639011F-0ABD-45D6-B91D-B4448C266536}.Release|Any CPU.Build.0 = Release|Any CPU
		{3990EA83-7E1E-46A2-844E-06B7D680CA29}.Debug|Any CPU.ActiveCfg = Debug|Any CPU
		{3990EA83-7E1E-46A2-844E-06B7D680CA29}.Debug|Any CPU.Build.0 = Debug|Any CPU
		{3990EA83-7E1E-46A2-844E-06B7D680CA29}.Release|Any CPU.ActiveCfg = Release|Any CPU
		{3990EA83-7E1E-46A2-844E-06B7D680CA29}.Release|Any CPU.Build.0 = Release|Any CPU
		{68937D35-B5CE-497F-8F78-5C510DE2BB22}.Debug|Any CPU.ActiveCfg = Debug|Any CPU
		{68937D35-B5CE-497F-8F78-5C510DE2BB22}.Debug|Any CPU.Build.0 = Debug|Any CPU
		{68937D35-B5CE-497F-8F78-5C510DE2BB22}.Release|Any CPU.ActiveCfg = Release|Any CPU
		{68937D35-B5CE-497F-8F78-5C510DE2BB22}.Release|Any CPU.Build.0 = Release|Any CPU
		{F45574CE-FEAE-4679-806B-A083B24C74A0}.Debug|Any CPU.ActiveCfg = Debug|Any CPU
		{F45574CE-FEAE-4679-806B-A083B24C74A0}.Debug|Any CPU.Build.0 = Debug|Any CPU
		{F45574CE-FEAE-4679-806B-A083B24C74A0}.Release|Any CPU.ActiveCfg = Release|Any CPU
		{F45574CE-FEAE-4679-806B-A083B24C74A0}.Release|Any CPU.Build.0 = Release|Any CPU
		{007BCD6B-FD00-4D64-B23F-6E72855D2C70}.Debug|Any CPU.ActiveCfg = Debug|Any CPU
		{007BCD6B-FD00-4D64-B23F-6E72855D2C70}.Debug|Any CPU.Build.0 = Debug|Any CPU
		{007BCD6B-FD00-4D64-B23F-6E72855D2C70}.Release|Any CPU.ActiveCfg = Release|Any CPU
		{007BCD6B-FD00-4D64-B23F-6E72855D2C70}.Release|Any CPU.Build.0 = Release|Any CPU
		{D771807C-FF8E-4D75-BAD5-BDCAC6F12B33}.Debug|Any CPU.ActiveCfg = Debug|Any CPU
		{D771807C-FF8E-4D75-BAD5-BDCAC6F12B33}.Debug|Any CPU.Build.0 = Debug|Any CPU
		{D771807C-FF8E-4D75-BAD5-BDCAC6F12B33}.Release|Any CPU.ActiveCfg = Release|Any CPU
		{D771807C-FF8E-4D75-BAD5-BDCAC6F12B33}.Release|Any CPU.Build.0 = Release|Any CPU
		{017A66EF-24FF-452F-AE0E-EEB592B22A8B}.Debug|Any CPU.ActiveCfg = Debug|Any CPU
		{017A66EF-24FF-452F-AE0E-EEB592B22A8B}.Debug|Any CPU.Build.0 = Debug|Any CPU
		{017A66EF-24FF-452F-AE0E-EEB592B22A8B}.Release|Any CPU.ActiveCfg = Release|Any CPU
		{017A66EF-24FF-452F-AE0E-EEB592B22A8B}.Release|Any CPU.Build.0 = Release|Any CPU
		{A577F9CF-EDB1-40E8-827D-D6E932217AFA}.Debug|Any CPU.ActiveCfg = Debug|Any CPU
		{A577F9CF-EDB1-40E8-827D-D6E932217AFA}.Debug|Any CPU.Build.0 = Debug|Any CPU
		{A577F9CF-EDB1-40E8-827D-D6E932217AFA}.Release|Any CPU.ActiveCfg = Release|Any CPU
		{A577F9CF-EDB1-40E8-827D-D6E932217AFA}.Release|Any CPU.Build.0 = Release|Any CPU
		{7108E27A-6188-46E5-A2CA-472119912966}.Debug|Any CPU.ActiveCfg = Debug|Any CPU
		{7108E27A-6188-46E5-A2CA-472119912966}.Debug|Any CPU.Build.0 = Debug|Any CPU
		{7108E27A-6188-46E5-A2CA-472119912966}.Release|Any CPU.ActiveCfg = Release|Any CPU
		{7108E27A-6188-46E5-A2CA-472119912966}.Release|Any CPU.Build.0 = Release|Any CPU
		{B5D72C1A-205C-4A86-8ED8-94EEE84E95C6}.Debug|Any CPU.ActiveCfg = Debug|Any CPU
		{B5D72C1A-205C-4A86-8ED8-94EEE84E95C6}.Debug|Any CPU.Build.0 = Debug|Any CPU
		{B5D72C1A-205C-4A86-8ED8-94EEE84E95C6}.Release|Any CPU.ActiveCfg = Release|Any CPU
		{B5D72C1A-205C-4A86-8ED8-94EEE84E95C6}.Release|Any CPU.Build.0 = Release|Any CPU
		{A4AE8819-B24C-4D82-9790-DA4E0C50911F}.Debug|Any CPU.ActiveCfg = Debug|Any CPU
		{A4AE8819-B24C-4D82-9790-DA4E0C50911F}.Debug|Any CPU.Build.0 = Debug|Any CPU
		{A4AE8819-B24C-4D82-9790-DA4E0C50911F}.Release|Any CPU.ActiveCfg = Release|Any CPU
		{A4AE8819-B24C-4D82-9790-DA4E0C50911F}.Release|Any CPU.Build.0 = Release|Any CPU
		{2BA4E424-44FC-41A7-A9B2-75739D30A162}.Debug|Any CPU.ActiveCfg = Debug|Any CPU
		{2BA4E424-44FC-41A7-A9B2-75739D30A162}.Debug|Any CPU.Build.0 = Debug|Any CPU
		{2BA4E424-44FC-41A7-A9B2-75739D30A162}.Release|Any CPU.ActiveCfg = Release|Any CPU
		{2BA4E424-44FC-41A7-A9B2-75739D30A162}.Release|Any CPU.Build.0 = Release|Any CPU
		{02993894-9429-4920-B054-DA72148573D1}.Debug|Any CPU.ActiveCfg = Debug|Any CPU
		{02993894-9429-4920-B054-DA72148573D1}.Debug|Any CPU.Build.0 = Debug|Any CPU
		{02993894-9429-4920-B054-DA72148573D1}.Release|Any CPU.ActiveCfg = Release|Any CPU
		{02993894-9429-4920-B054-DA72148573D1}.Release|Any CPU.Build.0 = Release|Any CPU
		{A93982C0-BC0F-48C3-8951-2D2CC1C81DCB}.Debug|Any CPU.ActiveCfg = Debug|Any CPU
		{A93982C0-BC0F-48C3-8951-2D2CC1C81DCB}.Debug|Any CPU.Build.0 = Debug|Any CPU
		{A93982C0-BC0F-48C3-8951-2D2CC1C81DCB}.Release|Any CPU.ActiveCfg = Release|Any CPU
		{A93982C0-BC0F-48C3-8951-2D2CC1C81DCB}.Release|Any CPU.Build.0 = Release|Any CPU
		{58EB977F-008B-471F-B73D-C6F03B0835B8}.Debug|Any CPU.ActiveCfg = Debug|Any CPU
		{58EB977F-008B-471F-B73D-C6F03B0835B8}.Debug|Any CPU.Build.0 = Debug|Any CPU
		{58EB977F-008B-471F-B73D-C6F03B0835B8}.Release|Any CPU.ActiveCfg = Release|Any CPU
		{58EB977F-008B-471F-B73D-C6F03B0835B8}.Release|Any CPU.Build.0 = Release|Any CPU
		{916FC180-8E6E-4CD5-A990-52E4E7947149}.Debug|Any CPU.ActiveCfg = Debug|Any CPU
		{916FC180-8E6E-4CD5-A990-52E4E7947149}.Debug|Any CPU.Build.0 = Debug|Any CPU
		{916FC180-8E6E-4CD5-A990-52E4E7947149}.Release|Any CPU.ActiveCfg = Release|Any CPU
		{916FC180-8E6E-4CD5-A990-52E4E7947149}.Release|Any CPU.Build.0 = Release|Any CPU
	EndGlobalSection
	GlobalSection(SolutionProperties) = preSolution
		HideSolutionNode = FALSE
	EndGlobalSection
	GlobalSection(ExtensibilityGlobals) = postSolution
		SolutionGuid = {42039168-472B-4570-A213-994F63CC80BD}
	EndGlobalSection
EndGlobal
