
Microsoft Visual Studio Solution File, Format Version 12.00
# Visual Studio Version 17
VisualStudioVersion = 17.0.32014.148
MinimumVisualStudioVersion = 10.0.40219.1
Project("{FAE04EC0-301F-11D3-BF4B-00C04F79EFBC}") = "lec2_1_BasicStructureOfProgramming", "lec2_1_BasicStructureOfProgramming\lec2_1_BasicStructureOfProgramming.csproj", "{60571056-0940-40AF-8C12-5D47966278B0}"
EndProject
Project("{FAE04EC0-301F-11D3-BF4B-00C04F79EFBC}") = "lec3_1_1_DataType", "lec3_1_DataType\lec3_1_1_DataType.csproj", "{61A58906-B580-40AC-B322-DF20E4B62D61}"
EndProject
Project("{FAE04EC0-301F-11D3-BF4B-00C04F79EFBC}") = "lec3_1_2_DataType", "lec3_1_2_DataType\lec3_1_2_DataType.csproj", "{2A8D6735-12DA-4C13-B8CB-D7C1983BB83C}"
EndProject
Project("{FAE04EC0-301F-11D3-BF4B-00C04F79EFBC}") = "lec3_1_3_DataType", "lec3_1_3_DataType\lec3_1_3_DataType.csproj", "{6AC166C6-9013-4132-B379-EA4BCAB05D02}"
EndProject
Project("{FAE04EC0-301F-11D3-BF4B-00C04F79EFBC}") = "lec3_2_1_DataType", "lec3_2_1_DataType\lec3_2_1_DataType.csproj", "{A30D6E4A-FBE0-49E7-87E3-ABE00C57186D}"
EndProject
Project("{FAE04EC0-301F-11D3-BF4B-00C04F79EFBC}") = "lec3_3_1_DataType", "lec3_2_2_DataType\lec3_3_1_DataType.csproj", "{15CD230E-FB2C-4D3A-8C1C-585AC3F8A917}"
EndProject
Project("{FAE04EC0-301F-11D3-BF4B-00C04F79EFBC}") = "lec3_3_2_DataType", "lec3_3_2_DataType\lec3_3_2_DataType.csproj", "{35AE1E95-C43E-416E-BB6A-00982538ECB0}"
EndProject
Project("{FAE04EC0-301F-11D3-BF4B-00C04F79EFBC}") = "lec3_3_3_DataType", "lec3_3_3_DataType\lec3_3_3_DataType.csproj", "{BB54DCDD-CED1-41E0-A5D8-FAD8A1C0AA14}"
EndProject
Project("{FAE04EC0-301F-11D3-BF4B-00C04F79EFBC}") = "lec3_3_4_DataType", "lec_3_3_4_Datatype\lec3_3_4_DataType.csproj", "{53455192-ECDD-4EB8-B155-ED47E161BE57}"
EndProject
Project("{FAE04EC0-301F-11D3-BF4B-00C04F79EFBC}") = "lec4_1_1_basic", "lec4_1_1_basic\lec4_1_1_basic.csproj", "{5639011F-0ABD-45D6-B91D-B4448C266536}"
EndProject
Project("{FAE04EC0-301F-11D3-BF4B-00C04F79EFBC}") = "lec4_1_2_basic", "lec4_1_2_basic\lec4_1_2_basic.csproj", "{3990EA83-7E1E-46A2-844E-06B7D680CA29}"
EndProject
Project("{FAE04EC0-301F-11D3-BF4B-00C04F79EFBC}") = "lec4_1_3_basic", "lec4_1_3_basic\lec4_1_3_basic.csproj", "{68937D35-B5CE-497F-8F78-5C510DE2BB22}"
EndProject
Project("{FAE04EC0-301F-11D3-BF4B-00C04F79EFBC}") = "lec5_2_1_array", "lec5_2_1_array\lec5_2_1_array.csproj", "{F45574CE-FEAE-4679-806B-A083B24C74A0}"
EndProject
Project("{FAE04EC0-301F-11D3-BF4B-00C04F79EFBC}") = "lec5_2_2_array", "lec5_2_2_array\lec5_2_2_array.csproj", "{007BCD6B-FD00-4D64-B23F-6E72855D2C70}"
EndProject
Project("{FAE04EC0-301F-11D3-BF4B-00C04F79EFBC}") = "lec5_3_1_array", "lec5_3_1_array\lec5_3_1_array.csproj", "{D771807C-FF8E-4D75-BAD5-BDCAC6F12B33}"
EndProject
Project("{FAE04EC0-301F-11D3-BF4B-00C04F79EFBC}") = "lec5_3_2_array", "lec5_3_2_array\lec5_3_2_array.csproj", "{017A66EF-24FF-452F-AE0E-EEB592B22A8B}"
EndProject
Project("{FAE04EC0-301F-11D3-BF4B-00C04F79EFBC}") = "lec5_3_3_array", "lec5_3_3_array\lec5_3_3_array.csproj", "{A577F9CF-EDB1-40E8-827D-D6E932217AFA}"
EndProject
Project("{FAE04EC0-301F-11D3-BF4B-00C04F79EFBC}") = "lec6_1", "lec6_1\lec6_1.csproj", "{7108E27A-6188-46E5-A2CA-472119912966}"
EndProject
Project("{FAE04EC0-301F-11D3-BF4B-00C04F79EFBC}") = "lec6_2", "lec6_2\lec6_2.csproj", "{B5D72C1A-205C-4A86-8ED8-94EEE84E95C6}"
EndProject
Project("{FAE04EC0-301F-11D3-BF4B-00C04F79EFBC}") = "lec6_3", "lec6_3\lec6_3.csproj", "{A4AE8819-B24C-4D82-9790-DA4E0C50911F}"
EndProject
Project("{FAE04EC0-301F-11D3-BF4B-00C04F79EFBC}") = "lec6_4", "lec6_4\lec6_4.csproj", "{2BA4E424-44FC-41A7-A9B2-75739D30A162}"
EndProject
Project("{FAE04EC0-301F-11D3-BF4B-00C04F79EFBC}") = "lec6_5", "lec6_5\lec6_5.csproj", "{02993894-9429-4920-B054-DA72148573D1}"
EndProject
Project("{FAE04EC0-301F-11D3-BF4B-00C04F79EFBC}") = "lec6_6", "lec6_6\lec6_6.csproj", "{A93982C0-BC0F-48C3-8951-2D2CC1C81DCB}"
EndProject
Project("{FAE04EC0-301F-11D3-BF4B-00C04F79EFBC}") = "lec6_7", "lec6_7\lec6_7.csproj", "{58EB977F-008B-471F-B73D-C6F03B0835B8}"
EndProject
Project("{FAE04EC0-301F-11D3-BF4B-00C04F79EFBC}") = "lec6_8", "lec6_8\lec6_8.csproj", "{916FC180-8E6E-4CD5-A990-52E4E7947149}"
EndProject
Project("{FAE04EC0-301F-11D3-BF4B-00C04F79EFBC}") = "lec9_1", "lec9_1\lec9_1.csproj", "{69329613-CA08-4825-8929-C678E9FEFCAB}"
EndProject
Project("{FAE04EC0-301F-11D3-BF4B-00C04F79EFBC}") = "lec9_2", "lec9_2\lec9_2.csproj", "{D416512A-E568-4A4B-94CC-2667545C9885}"
EndProject
Project("{FAE04EC0-301F-11D3-BF4B-00C04F79EFBC}") = "lec9_3", "lec9_3\lec9_3.csproj", "{2263CDE9-491B-4E1C-8ED3-4B432F28964C}"
EndProject
Project("{FAE04EC0-301F-11D3-BF4B-00C04F79EFBC}") = "lec9_test", "lec9_test\lec9_test.csproj", "{8E5B154D-9710-40EA-9E3D-83864FD9AAD7}"
EndProject
Project("{FAE04EC0-301F-11D3-BF4B-00C04F79EFBC}") = "lec11_1", "lec11_1\lec11_1.csproj", "{B4BA29D6-AF3A-4F6A-8280-69B01DA1488A}"
EndProject
Project("{FAE04EC0-301F-11D3-BF4B-00C04F79EFBC}") = "lec11_2", "lec11_2\lec11_2.csproj", "{A93725C5-4B85-4584-9ECB-17A4C194C041}"
EndProject
Project("{FAE04EC0-301F-11D3-BF4B-00C04F79EFBC}") = "lec11_3", "lec11_3\lec11_3.csproj", "{A91016F3-5134-4BC5-B036-B5AC5B65669F}"
EndProject
Project("{FAE04EC0-301F-11D3-BF4B-00C04F79EFBC}") = "lec12_1", "lec12_1\lec12_1.csproj", "{3D2A89A8-9008-4A6B-ACD7-52DF9C29CA63}"
EndProject
Project("{FAE04EC0-301F-11D3-BF4B-00C04F79EFBC}") = "lec12_2", "lec12_2\lec12_2.csproj", "{A03EB79C-B4B6-4B2C-99DA-E19A13CAFDB5}"
EndProject
Project("{FAE04EC0-301F-11D3-BF4B-00C04F79EFBC}") = "lec12_3", "lec12_3\lec12_3.csproj", "{A1F6C85C-08A8-417C-9D25-2BCF90C15252}"
EndProject
Project("{FAE04EC0-301F-11D3-BF4B-00C04F79EFBC}") = "lec12_4", "lec12_4\lec12_4.csproj", "{808066E6-0254-4689-B94D-291FC0C405F1}"
EndProject
Project("{FAE04EC0-301F-11D3-BF4B-00C04F79EFBC}") = "lec12_5", "lec12_5\lec12_5.csproj", "{E9E50197-D669-4556-8A3D-5C0C6D9D5F2A}"
EndProject
Project("{FAE04EC0-301F-11D3-BF4B-00C04F79EFBC}") = "lec12_6", "lec12_6\lec12_6.csproj", "{DC3CF283-EF2D-43F4-BA02-2BD6BB68B3DA}"
EndProject
Project("{FAE04EC0-301F-11D3-BF4B-00C04F79EFBC}") = "lec12_7", "lec12_7\lec12_7.csproj", "{E23AA4C3-FAB9-4A8B-ADDA-FEA815D00F76}"
EndProject
Project("{FAE04EC0-301F-11D3-BF4B-00C04F79EFBC}") = "lec13_1", "lec13_1\lec13_1.csproj", "{0384A765-8C2B-4E67-9DCB-BEFCA9397B4E}"
EndProject
Project("{FAE04EC0-301F-11D3-BF4B-00C04F79EFBC}") = "lec14_1", "lec14_1\lec14_1.csproj", "{D66023D2-7794-4C05-8EBA-F07ACB8ABEF8}"
EndProject
Project("{FAE04EC0-301F-11D3-BF4B-00C04F79EFBC}") = "lec15_1", "lec15_1\lec15_1.csproj", "{929B0C18-2CD4-450C-849D-B5AD920E637F}"
EndProject
Project("{FAE04EC0-301F-11D3-BF4B-00C04F79EFBC}") = "lec16_1", "lec16_1\lec16_1.csproj", "{5CE85A47-C9AA-4B44-A478-4981AD8E870D}"
EndProject
Project("{FAE04EC0-301F-11D3-BF4B-00C04F79EFBC}") = "lec16_2", "lec16_2\lec16_2.csproj", "{387DE757-A2EE-4BCD-A4EC-066A2D322278}"
EndProject
Project("{FAE04EC0-301F-11D3-BF4B-00C04F79EFBC}") = "lec17_1", "lec17_1\lec17_1.csproj", "{548E724A-5312-409C-994A-15ED3216072D}"
EndProject
Project("{FAE04EC0-301F-11D3-BF4B-00C04F79EFBC}") = "lec17_2", "lec17_2\lec17_2.csproj", "{771AF37E-8FBD-454E-A774-94D779DFD5A9}"
EndProject
Project("{FAE04EC0-301F-11D3-BF4B-00C04F79EFBC}") = "lec17_3", "lec17_3\lec17_3.csproj", "{14FD06D3-5039-4F47-A1B6-2C464D5ED826}"
EndProject
Project("{FAE04EC0-301F-11D3-BF4B-00C04F79EFBC}") = "lec18_1", "lec18_1\lec18_1.csproj", "{36A2C2E7-F17C-4FD1-BEE9-67BC1CF8E494}"
EndProject
Project("{FAE04EC0-301F-11D3-BF4B-00C04F79EFBC}") = "lec20_1", "lec20_1\lec20_1.csproj", "{AFF0C89C-C38B-41F1-B351-F9CD9B13100F}"
EndProject
Project("{FAE04EC0-301F-11D3-BF4B-00C04F79EFBC}") = "lec20_2", "lec20_2\lec20_2.csproj", "{BC28C560-C037-4C60-B954-1AD83232CD38}"
EndProject
Project("{FAE04EC0-301F-11D3-BF4B-00C04F79EFBC}") = "lec21_1", "lec21_1\lec21_1.csproj", "{65722858-B98B-4F27-9FAC-623C5394BB1D}"
EndProject
Project("{FAE04EC0-301F-11D3-BF4B-00C04F79EFBC}") = "lec22_1", "lec22_1\lec22_1.csproj", "{C814AF47-CFAD-43C7-80F9-17077493D9B7}"
EndProject
Project("{FAE04EC0-301F-11D3-BF4B-00C04F79EFBC}") = "lec22_2", "lec22_2\lec22_2.csproj", "{532E2D9C-5816-4702-B5A4-2A182163E842}"
EndProject
Global
	GlobalSection(SolutionConfigurationPlatforms) = preSolution
		Debug|Any CPU = Debug|Any CPU
		Release|Any CPU = Release|Any CPU
	EndGlobalSection
	GlobalSection(ProjectConfigurationPlatforms) = postSolution
		{60571056-0940-40AF-8C12-5D47966278B0}.Debug|Any CPU.ActiveCfg = Debug|Any CPU
		{60571056-0940-40AF-8C12-5D47966278B0}.Debug|Any CPU.Build.0 = Debug|Any CPU
		{60571056-0940-40AF-8C12-5D47966278B0}.Release|Any CPU.ActiveCfg = Release|Any CPU
		{60571056-0940-40AF-8C12-5D47966278B0}.Release|Any CPU.Build.0 = Release|Any CPU
		{61A58906-B580-40AC-B322-DF20E4B62D61}.Debug|Any CPU.ActiveCfg = Debug|Any CPU
		{61A58906-B580-40AC-B322-DF20E4B62D61}.Debug|Any CPU.Build.0 = Debug|Any CPU
		{61A58906-B580-40AC-B322-DF20E4B62D61}.Release|Any CPU.ActiveCfg = Release|Any CPU
		{61A58906-B580-40AC-B322-DF20E4B62D61}.Release|Any CPU.Build.0 = Release|Any CPU
		{2A8D6735-12DA-4C13-B8CB-D7C1983BB83C}.Debug|Any CPU.ActiveCfg = Debug|Any CPU
		{2A8D6735-12DA-4C13-B8CB-D7C1983BB83C}.Debug|Any CPU.Build.0 = Debug|Any CPU
		{2A8D6735-12DA-4C13-B8CB-D7C1983BB83C}.Release|Any CPU.ActiveCfg = Release|Any CPU
		{2A8D6735-12DA-4C13-B8CB-D7C1983BB83C}.Release|Any CPU.Build.0 = Release|Any CPU
		{6AC166C6-9013-4132-B379-EA4BCAB05D02}.Debug|Any CPU.ActiveCfg = Debug|Any CPU
		{6AC166C6-9013-4132-B379-EA4BCAB05D02}.Debug|Any CPU.Build.0 = Debug|Any CPU
		{6AC166C6-9013-4132-B379-EA4BCAB05D02}.Release|Any CPU.ActiveCfg = Release|Any CPU
		{6AC166C6-9013-4132-B379-EA4BCAB05D02}.Release|Any CPU.Build.0 = Release|Any CPU
		{A30D6E4A-FBE0-49E7-87E3-ABE00C57186D}.Debug|Any CPU.ActiveCfg = Debug|Any CPU
		{A30D6E4A-FBE0-49E7-87E3-ABE00C57186D}.Debug|Any CPU.Build.0 = Debug|Any CPU
		{A30D6E4A-FBE0-49E7-87E3-ABE00C57186D}.Release|Any CPU.ActiveCfg = Release|Any CPU
		{A30D6E4A-FBE0-49E7-87E3-ABE00C57186D}.Release|Any CPU.Build.0 = Release|Any CPU
		{15CD230E-FB2C-4D3A-8C1C-585AC3F8A917}.Debug|Any CPU.ActiveCfg = Debug|Any CPU
		{15CD230E-FB2C-4D3A-8C1C-585AC3F8A917}.Debug|Any CPU.Build.0 = Debug|Any CPU
		{15CD230E-FB2C-4D3A-8C1C-585AC3F8A917}.Release|Any CPU.ActiveCfg = Release|Any CPU
		{15CD230E-FB2C-4D3A-8C1C-585AC3F8A917}.Release|Any CPU.Build.0 = Release|Any CPU
		{35AE1E95-C43E-416E-BB6A-00982538ECB0}.Debug|Any CPU.ActiveCfg = Debug|Any CPU
		{35AE1E95-C43E-416E-BB6A-00982538ECB0}.Debug|Any CPU.Build.0 = Debug|Any CPU
		{35AE1E95-C43E-416E-BB6A-00982538ECB0}.Release|Any CPU.ActiveCfg = Release|Any CPU
		{35AE1E95-C43E-416E-BB6A-00982538ECB0}.Release|Any CPU.Build.0 = Release|Any CPU
		{BB54DCDD-CED1-41E0-A5D8-FAD8A1C0AA14}.Debug|Any CPU.ActiveCfg = Debug|Any CPU
		{BB54DCDD-CED1-41E0-A5D8-FAD8A1C0AA14}.Debug|Any CPU.Build.0 = Debug|Any CPU
		{BB54DCDD-CED1-41E0-A5D8-FAD8A1C0AA14}.Release|Any CPU.ActiveCfg = Release|Any CPU
		{BB54DCDD-CED1-41E0-A5D8-FAD8A1C0AA14}.Release|Any CPU.Build.0 = Release|Any CPU
		{53455192-ECDD-4EB8-B155-ED47E161BE57}.Debug|Any CPU.ActiveCfg = Debug|Any CPU
		{53455192-ECDD-4EB8-B155-ED47E161BE57}.Debug|Any CPU.Build.0 = Debug|Any CPU
		{53455192-ECDD-4EB8-B155-ED47E161BE57}.Release|Any CPU.ActiveCfg = Release|Any CPU
		{53455192-ECDD-4EB8-B155-ED47E161BE57}.Release|Any CPU.Build.0 = Release|Any CPU
		{5639011F-0ABD-45D6-B91D-B4448C266536}.Debug|Any CPU.ActiveCfg = Debug|Any CPU
		{5639011F-0ABD-45D6-B91D-B4448C266536}.Debug|Any CPU.Build.0 = Debug|Any CPU
		{5639011F-0ABD-45D6-B91D-B4448C266536}.Release|Any CPU.ActiveCfg = Release|Any CPU
		{5639011F-0ABD-45D6-B91D-B4448C266536}.Release|Any CPU.Build.0 = Release|Any CPU
		{3990EA83-7E1E-46A2-844E-06B7D680CA29}.Debug|Any CPU.ActiveCfg = Debug|Any CPU
		{3990EA83-7E1E-46A2-844E-06B7D680CA29}.Debug|Any CPU.Build.0 = Debug|Any CPU
		{3990EA83-7E1E-46A2-844E-06B7D680CA29}.Release|Any CPU.ActiveCfg = Release|Any CPU
		{3990EA83-7E1E-46A2-844E-06B7D680CA29}.Release|Any CPU.Build.0 = Release|Any CPU
		{68937D35-B5CE-497F-8F78-5C510DE2BB22}.Debug|Any CPU.ActiveCfg = Debug|Any CPU
		{68937D35-B5CE-497F-8F78-5C510DE2BB22}.Debug|Any CPU.Build.0 = Debug|Any CPU
		{68937D35-B5CE-497F-8F78-5C510DE2BB22}.Release|Any CPU.ActiveCfg = Release|Any CPU
		{68937D35-B5CE-497F-8F78-5C510DE2BB22}.Release|Any CPU.Build.0 = Release|Any CPU
		{F45574CE-FEAE-4679-806B-A083B24C74A0}.Debug|Any CPU.ActiveCfg = Debug|Any CPU
		{F45574CE-FEAE-4679-806B-A083B24C74A0}.Debug|Any CPU.Build.0 = Debug|Any CPU
		{F45574CE-FEAE-4679-806B-A083B24C74A0}.Release|Any CPU.ActiveCfg = Release|Any CPU
		{F45574CE-FEAE-4679-806B-A083B24C74A0}.Release|Any CPU.Build.0 = Release|Any CPU
		{007BCD6B-FD00-4D64-B23F-6E72855D2C70}.Debug|Any CPU.ActiveCfg = Debug|Any CPU
		{007BCD6B-FD00-4D64-B23F-6E72855D2C70}.Debug|Any CPU.Build.0 = Debug|Any CPU
		{007BCD6B-FD00-4D64-B23F-6E72855D2C70}.Release|Any CPU.ActiveCfg = Release|Any CPU
		{007BCD6B-FD00-4D64-B23F-6E72855D2C70}.Release|Any CPU.Build.0 = Release|Any CPU
		{D771807C-FF8E-4D75-BAD5-BDCAC6F12B33}.Debug|Any CPU.ActiveCfg = Debug|Any CPU
		{D771807C-FF8E-4D75-BAD5-BDCAC6F12B33}.Debug|Any CPU.Build.0 = Debug|Any CPU
		{D771807C-FF8E-4D75-BAD5-BDCAC6F12B33}.Release|Any CPU.ActiveCfg = Release|Any CPU
		{D771807C-FF8E-4D75-BAD5-BDCAC6F12B33}.Release|Any CPU.Build.0 = Release|Any CPU
		{017A66EF-24FF-452F-AE0E-EEB592B22A8B}.Debug|Any CPU.ActiveCfg = Debug|Any CPU
		{017A66EF-24FF-452F-AE0E-EEB592B22A8B}.Debug|Any CPU.Build.0 = Debug|Any CPU
		{017A66EF-24FF-452F-AE0E-EEB592B22A8B}.Release|Any CPU.ActiveCfg = Release|Any CPU
		{017A66EF-24FF-452F-AE0E-EEB592B22A8B}.Release|Any CPU.Build.0 = Release|Any CPU
		{A577F9CF-EDB1-40E8-827D-D6E932217AFA}.Debug|Any CPU.ActiveCfg = Debug|Any CPU
		{A577F9CF-EDB1-40E8-827D-D6E932217AFA}.Debug|Any CPU.Build.0 = Debug|Any CPU
		{A577F9CF-EDB1-40E8-827D-D6E932217AFA}.Release|Any CPU.ActiveCfg = Release|Any CPU
		{A577F9CF-EDB1-40E8-827D-D6E932217AFA}.Release|Any CPU.Build.0 = Release|Any CPU
		{7108E27A-6188-46E5-A2CA-472119912966}.Debug|Any CPU.ActiveCfg = Debug|Any CPU
		{7108E27A-6188-46E5-A2CA-472119912966}.Debug|Any CPU.Build.0 = Debug|Any CPU
		{7108E27A-6188-46E5-A2CA-472119912966}.Release|Any CPU.ActiveCfg = Release|Any CPU
		{7108E27A-6188-46E5-A2CA-472119912966}.Release|Any CPU.Build.0 = Release|Any CPU
		{B5D72C1A-205C-4A86-8ED8-94EEE84E95C6}.Debug|Any CPU.ActiveCfg = Debug|Any CPU
		{B5D72C1A-205C-4A86-8ED8-94EEE84E95C6}.Debug|Any CPU.Build.0 = Debug|Any CPU
		{B5D72C1A-205C-4A86-8ED8-94EEE84E95C6}.Release|Any CPU.ActiveCfg = Release|Any CPU
		{B5D72C1A-205C-4A86-8ED8-94EEE84E95C6}.Release|Any CPU.Build.0 = Release|Any CPU
		{A4AE8819-B24C-4D82-9790-DA4E0C50911F}.Debug|Any CPU.ActiveCfg = Debug|Any CPU
		{A4AE8819-B24C-4D82-9790-DA4E0C50911F}.Debug|Any CPU.Build.0 = Debug|Any CPU
		{A4AE8819-B24C-4D82-9790-DA4E0C50911F}.Release|Any CPU.ActiveCfg = Release|Any CPU
		{A4AE8819-B24C-4D82-9790-DA4E0C50911F}.Release|Any CPU.Build.0 = Release|Any CPU
		{2BA4E424-44FC-41A7-A9B2-75739D30A162}.Debug|Any CPU.ActiveCfg = Debug|Any CPU
		{2BA4E424-44FC-41A7-A9B2-75739D30A162}.Debug|Any CPU.Build.0 = Debug|Any CPU
		{2BA4E424-44FC-41A7-A9B2-75739D30A162}.Release|Any CPU.ActiveCfg = Release|Any CPU
		{2BA4E424-44FC-41A7-A9B2-75739D30A162}.Release|Any CPU.Build.0 = Release|Any CPU
		{02993894-9429-4920-B054-DA72148573D1}.Debug|Any CPU.ActiveCfg = Debug|Any CPU
		{02993894-9429-4920-B054-DA72148573D1}.Debug|Any CPU.Build.0 = Debug|Any CPU
		{02993894-9429-4920-B054-DA72148573D1}.Release|Any CPU.ActiveCfg = Release|Any CPU
		{02993894-9429-4920-B054-DA72148573D1}.Release|Any CPU.Build.0 = Release|Any CPU
		{A93982C0-BC0F-48C3-8951-2D2CC1C81DCB}.Debug|Any CPU.ActiveCfg = Debug|Any CPU
		{A93982C0-BC0F-48C3-8951-2D2CC1C81DCB}.Debug|Any CPU.Build.0 = Debug|Any CPU
		{A93982C0-BC0F-48C3-8951-2D2CC1C81DCB}.Release|Any CPU.ActiveCfg = Release|Any CPU
		{A93982C0-BC0F-48C3-8951-2D2CC1C81DCB}.Release|Any CPU.Build.0 = Release|Any CPU
		{58EB977F-008B-471F-B73D-C6F03B0835B8}.Debug|Any CPU.ActiveCfg = Debug|Any CPU
		{58EB977F-008B-471F-B73D-C6F03B0835B8}.Debug|Any CPU.Build.0 = Debug|Any CPU
		{58EB977F-008B-471F-B73D-C6F03B0835B8}.Release|Any CPU.ActiveCfg = Release|Any CPU
		{58EB977F-008B-471F-B73D-C6F03B0835B8}.Release|Any CPU.Build.0 = Release|Any CPU
		{916FC180-8E6E-4CD5-A990-52E4E7947149}.Debug|Any CPU.ActiveCfg = Debug|Any CPU
		{916FC180-8E6E-4CD5-A990-52E4E7947149}.Debug|Any CPU.Build.0 = Debug|Any CPU
		{916FC180-8E6E-4CD5-A990-52E4E7947149}.Release|Any CPU.ActiveCfg = Release|Any CPU
		{916FC180-8E6E-4CD5-A990-52E4E7947149}.Release|Any CPU.Build.0 = Release|Any CPU
		{69329613-CA08-4825-8929-C678E9FEFCAB}.Debug|Any CPU.ActiveCfg = Debug|Any CPU
		{69329613-CA08-4825-8929-C678E9FEFCAB}.Debug|Any CPU.Build.0 = Debug|Any CPU
		{69329613-CA08-4825-8929-C678E9FEFCAB}.Release|Any CPU.ActiveCfg = Release|Any CPU
		{69329613-CA08-4825-8929-C678E9FEFCAB}.Release|Any CPU.Build.0 = Release|Any CPU
		{D416512A-E568-4A4B-94CC-2667545C9885}.Debug|Any CPU.ActiveCfg = Debug|Any CPU
		{D416512A-E568-4A4B-94CC-2667545C9885}.Debug|Any CPU.Build.0 = Debug|Any CPU
		{D416512A-E568-4A4B-94CC-2667545C9885}.Release|Any CPU.ActiveCfg = Release|Any CPU
		{D416512A-E568-4A4B-94CC-2667545C9885}.Release|Any CPU.Build.0 = Release|Any CPU
		{2263CDE9-491B-4E1C-8ED3-4B432F28964C}.Debug|Any CPU.ActiveCfg = Debug|Any CPU
		{2263CDE9-491B-4E1C-8ED3-4B432F28964C}.Debug|Any CPU.Build.0 = Debug|Any CPU
		{2263CDE9-491B-4E1C-8ED3-4B432F28964C}.Release|Any CPU.ActiveCfg = Release|Any CPU
		{2263CDE9-491B-4E1C-8ED3-4B432F28964C}.Release|Any CPU.Build.0 = Release|Any CPU
		{8E5B154D-9710-40EA-9E3D-83864FD9AAD7}.Debug|Any CPU.ActiveCfg = Debug|Any CPU
		{8E5B154D-9710-40EA-9E3D-83864FD9AAD7}.Debug|Any CPU.Build.0 = Debug|Any CPU
		{8E5B154D-9710-40EA-9E3D-83864FD9AAD7}.Release|Any CPU.ActiveCfg = Release|Any CPU
		{8E5B154D-9710-40EA-9E3D-83864FD9AAD7}.Release|Any CPU.Build.0 = Release|Any CPU
		{B4BA29D6-AF3A-4F6A-8280-69B01DA1488A}.Debug|Any CPU.ActiveCfg = Debug|Any CPU
		{B4BA29D6-AF3A-4F6A-8280-69B01DA1488A}.Debug|Any CPU.Build.0 = Debug|Any CPU
		{B4BA29D6-AF3A-4F6A-8280-69B01DA1488A}.Release|Any CPU.ActiveCfg = Release|Any CPU
		{B4BA29D6-AF3A-4F6A-8280-69B01DA1488A}.Release|Any CPU.Build.0 = Release|Any CPU
		{A93725C5-4B85-4584-9ECB-17A4C194C041}.Debug|Any CPU.ActiveCfg = Debug|Any CPU
		{A93725C5-4B85-4584-9ECB-17A4C194C041}.Debug|Any CPU.Build.0 = Debug|Any CPU
		{A93725C5-4B85-4584-9ECB-17A4C194C041}.Release|Any CPU.ActiveCfg = Release|Any CPU
		{A93725C5-4B85-4584-9ECB-17A4C194C041}.Release|Any CPU.Build.0 = Release|Any CPU
		{A91016F3-5134-4BC5-B036-B5AC5B65669F}.Debug|Any CPU.ActiveCfg = Debug|Any CPU
		{A91016F3-5134-4BC5-B036-B5AC5B65669F}.Debug|Any CPU.Build.0 = Debug|Any CPU
		{A91016F3-5134-4BC5-B036-B5AC5B65669F}.Release|Any CPU.ActiveCfg = Release|Any CPU
		{A91016F3-5134-4BC5-B036-B5AC5B65669F}.Release|Any CPU.Build.0 = Release|Any CPU
		{3D2A89A8-9008-4A6B-ACD7-52DF9C29CA63}.Debug|Any CPU.ActiveCfg = Debug|Any CPU
		{3D2A89A8-9008-4A6B-ACD7-52DF9C29CA63}.Debug|Any CPU.Build.0 = Debug|Any CPU
		{3D2A89A8-9008-4A6B-ACD7-52DF9C29CA63}.Release|Any CPU.ActiveCfg = Release|Any CPU
		{3D2A89A8-9008-4A6B-ACD7-52DF9C29CA63}.Release|Any CPU.Build.0 = Release|Any CPU
		{A03EB79C-B4B6-4B2C-99DA-E19A13CAFDB5}.Debug|Any CPU.ActiveCfg = Debug|Any CPU
		{A03EB79C-B4B6-4B2C-99DA-E19A13CAFDB5}.Debug|Any CPU.Build.0 = Debug|Any CPU
		{A03EB79C-B4B6-4B2C-99DA-E19A13CAFDB5}.Release|Any CPU.ActiveCfg = Release|Any CPU
		{A03EB79C-B4B6-4B2C-99DA-E19A13CAFDB5}.Release|Any CPU.Build.0 = Release|Any CPU
		{A1F6C85C-08A8-417C-9D25-2BCF90C15252}.Debug|Any CPU.ActiveCfg = Debug|Any CPU
		{A1F6C85C-08A8-417C-9D25-2BCF90C15252}.Debug|Any CPU.Build.0 = Debug|Any CPU
		{A1F6C85C-08A8-417C-9D25-2BCF90C15252}.Release|Any CPU.ActiveCfg = Release|Any CPU
		{A1F6C85C-08A8-417C-9D25-2BCF90C15252}.Release|Any CPU.Build.0 = Release|Any CPU
		{808066E6-0254-4689-B94D-291FC0C405F1}.Debug|Any CPU.ActiveCfg = Debug|Any CPU
		{808066E6-0254-4689-B94D-291FC0C405F1}.Debug|Any CPU.Build.0 = Debug|Any CPU
		{808066E6-0254-4689-B94D-291FC0C405F1}.Release|Any CPU.ActiveCfg = Release|Any CPU
		{808066E6-0254-4689-B94D-291FC0C405F1}.Release|Any CPU.Build.0 = Release|Any CPU
		{E9E50197-D669-4556-8A3D-5C0C6D9D5F2A}.Debug|Any CPU.ActiveCfg = Debug|Any CPU
		{E9E50197-D669-4556-8A3D-5C0C6D9D5F2A}.Debug|Any CPU.Build.0 = Debug|Any CPU
		{E9E50197-D669-4556-8A3D-5C0C6D9D5F2A}.Release|Any CPU.ActiveCfg = Release|Any CPU
		{E9E50197-D669-4556-8A3D-5C0C6D9D5F2A}.Release|Any CPU.Build.0 = Release|Any CPU
		{DC3CF283-EF2D-43F4-BA02-2BD6BB68B3DA}.Debug|Any CPU.ActiveCfg = Debug|Any CPU
		{DC3CF283-EF2D-43F4-BA02-2BD6BB68B3DA}.Debug|Any CPU.Build.0 = Debug|Any CPU
		{DC3CF283-EF2D-43F4-BA02-2BD6BB68B3DA}.Release|Any CPU.ActiveCfg = Release|Any CPU
		{DC3CF283-EF2D-43F4-BA02-2BD6BB68B3DA}.Release|Any CPU.Build.0 = Release|Any CPU
		{E23AA4C3-FAB9-4A8B-ADDA-FEA815D00F76}.Debug|Any CPU.ActiveCfg = Debug|Any CPU
		{E23AA4C3-FAB9-4A8B-ADDA-FEA815D00F76}.Debug|Any CPU.Build.0 = Debug|Any CPU
		{E23AA4C3-FAB9-4A8B-ADDA-FEA815D00F76}.Release|Any CPU.ActiveCfg = Release|Any CPU
		{E23AA4C3-FAB9-4A8B-ADDA-FEA815D00F76}.Release|Any CPU.Build.0 = Release|Any CPU
		{0384A765-8C2B-4E67-9DCB-BEFCA9397B4E}.Debug|Any CPU.ActiveCfg = Debug|Any CPU
		{0384A765-8C2B-4E67-9DCB-BEFCA9397B4E}.Debug|Any CPU.Build.0 = Debug|Any CPU
		{0384A765-8C2B-4E67-9DCB-BEFCA9397B4E}.Release|Any CPU.ActiveCfg = Release|Any CPU
		{0384A765-8C2B-4E67-9DCB-BEFCA9397B4E}.Release|Any CPU.Build.0 = Release|Any CPU
		{D66023D2-7794-4C05-8EBA-F07ACB8ABEF8}.Debug|Any CPU.ActiveCfg = Debug|Any CPU
		{D66023D2-7794-4C05-8EBA-F07ACB8ABEF8}.Debug|Any CPU.Build.0 = Debug|Any CPU
		{D66023D2-7794-4C05-8EBA-F07ACB8ABEF8}.Release|Any CPU.ActiveCfg = Release|Any CPU
		{D66023D2-7794-4C05-8EBA-F07ACB8ABEF8}.Release|Any CPU.Build.0 = Release|Any CPU
		{929B0C18-2CD4-450C-849D-B5AD920E637F}.Debug|Any CPU.ActiveCfg = Debug|Any CPU
		{929B0C18-2CD4-450C-849D-B5AD920E637F}.Debug|Any CPU.Build.0 = Debug|Any CPU
		{929B0C18-2CD4-450C-849D-B5AD920E637F}.Release|Any CPU.ActiveCfg = Release|Any CPU
		{929B0C18-2CD4-450C-849D-B5AD920E637F}.Release|Any CPU.Build.0 = Release|Any CPU
		{5CE85A47-C9AA-4B44-A478-4981AD8E870D}.Debug|Any CPU.ActiveCfg = Debug|Any CPU
		{5CE85A47-C9AA-4B44-A478-4981AD8E870D}.Debug|Any CPU.Build.0 = Debug|Any CPU
		{5CE85A47-C9AA-4B44-A478-4981AD8E870D}.Release|Any CPU.ActiveCfg = Release|Any CPU
		{5CE85A47-C9AA-4B44-A478-4981AD8E870D}.Release|Any CPU.Build.0 = Release|Any CPU
		{387DE757-A2EE-4BCD-A4EC-066A2D322278}.Debug|Any CPU.ActiveCfg = Debug|Any CPU
		{387DE757-A2EE-4BCD-A4EC-066A2D322278}.Debug|Any CPU.Build.0 = Debug|Any CPU
		{387DE757-A2EE-4BCD-A4EC-066A2D322278}.Release|Any CPU.ActiveCfg = Release|Any CPU
		{387DE757-A2EE-4BCD-A4EC-066A2D322278}.Release|Any CPU.Build.0 = Release|Any CPU
		{548E724A-5312-409C-994A-15ED3216072D}.Debug|Any CPU.ActiveCfg = Debug|Any CPU
		{548E724A-5312-409C-994A-15ED3216072D}.Debug|Any CPU.Build.0 = Debug|Any CPU
		{548E724A-5312-409C-994A-15ED3216072D}.Release|Any CPU.ActiveCfg = Release|Any CPU
		{548E724A-5312-409C-994A-15ED3216072D}.Release|Any CPU.Build.0 = Release|Any CPU
		{771AF37E-8FBD-454E-A774-94D779DFD5A9}.Debug|Any CPU.ActiveCfg = Debug|Any CPU
		{771AF37E-8FBD-454E-A774-94D779DFD5A9}.Debug|Any CPU.Build.0 = Debug|Any CPU
		{771AF37E-8FBD-454E-A774-94D779DFD5A9}.Release|Any CPU.ActiveCfg = Release|Any CPU
		{771AF37E-8FBD-454E-A774-94D779DFD5A9}.Release|Any CPU.Build.0 = Release|Any CPU
		{14FD06D3-5039-4F47-A1B6-2C464D5ED826}.Debug|Any CPU.ActiveCfg = Debug|Any CPU
		{14FD06D3-5039-4F47-A1B6-2C464D5ED826}.Debug|Any CPU.Build.0 = Debug|Any CPU
		{14FD06D3-5039-4F47-A1B6-2C464D5ED826}.Release|Any CPU.ActiveCfg = Release|Any CPU
		{14FD06D3-5039-4F47-A1B6-2C464D5ED826}.Release|Any CPU.Build.0 = Release|Any CPU
		{36A2C2E7-F17C-4FD1-BEE9-67BC1CF8E494}.Debug|Any CPU.ActiveCfg = Debug|Any CPU
		{36A2C2E7-F17C-4FD1-BEE9-67BC1CF8E494}.Debug|Any CPU.Build.0 = Debug|Any CPU
		{36A2C2E7-F17C-4FD1-BEE9-67BC1CF8E494}.Release|Any CPU.ActiveCfg = Release|Any CPU
		{36A2C2E7-F17C-4FD1-BEE9-67BC1CF8E494}.Release|Any CPU.Build.0 = Release|Any CPU
		{AFF0C89C-C38B-41F1-B351-F9CD9B13100F}.Debug|Any CPU.ActiveCfg = Debug|Any CPU
		{AFF0C89C-C38B-41F1-B351-F9CD9B13100F}.Debug|Any CPU.Build.0 = Debug|Any CPU
		{AFF0C89C-C38B-41F1-B351-F9CD9B13100F}.Release|Any CPU.ActiveCfg = Release|Any CPU
		{AFF0C89C-C38B-41F1-B351-F9CD9B13100F}.Release|Any CPU.Build.0 = Release|Any CPU
		{BC28C560-C037-4C60-B954-1AD83232CD38}.Debug|Any CPU.ActiveCfg = Debug|Any CPU
		{BC28C560-C037-4C60-B954-1AD83232CD38}.Debug|Any CPU.Build.0 = Debug|Any CPU
		{BC28C560-C037-4C60-B954-1AD83232CD38}.Release|Any CPU.ActiveCfg = Release|Any CPU
		{BC28C560-C037-4C60-B954-1AD83232CD38}.Release|Any CPU.Build.0 = Release|Any CPU
		{65722858-B98B-4F27-9FAC-623C5394BB1D}.Debug|Any CPU.ActiveCfg = Debug|Any CPU
		{65722858-B98B-4F27-9FAC-623C5394BB1D}.Debug|Any CPU.Build.0 = Debug|Any CPU
		{65722858-B98B-4F27-9FAC-623C5394BB1D}.Release|Any CPU.ActiveCfg = Release|Any CPU
		{65722858-B98B-4F27-9FAC-623C5394BB1D}.Release|Any CPU.Build.0 = Release|Any CPU
		{C814AF47-CFAD-43C7-80F9-17077493D9B7}.Debug|Any CPU.ActiveCfg = Debug|Any CPU
		{C814AF47-CFAD-43C7-80F9-17077493D9B7}.Debug|Any CPU.Build.0 = Debug|Any CPU
		{C814AF47-CFAD-43C7-80F9-17077493D9B7}.Release|Any CPU.ActiveCfg = Release|Any CPU
		{C814AF47-CFAD-43C7-80F9-17077493D9B7}.Release|Any CPU.Build.0 = Release|Any CPU
		{532E2D9C-5816-4702-B5A4-2A182163E842}.Debug|Any CPU.ActiveCfg = Debug|Any CPU
		{532E2D9C-5816-4702-B5A4-2A182163E842}.Debug|Any CPU.Build.0 = Debug|Any CPU
		{532E2D9C-5816-4702-B5A4-2A182163E842}.Release|Any CPU.ActiveCfg = Release|Any CPU
		{532E2D9C-5816-4702-B5A4-2A182163E842}.Release|Any CPU.Build.0 = Release|Any CPU
	EndGlobalSection
	GlobalSection(SolutionProperties) = preSolution
		HideSolutionNode = FALSE
	EndGlobalSection
	GlobalSection(ExtensibilityGlobals) = postSolution
		SolutionGuid = {42039168-472B-4570-A213-994F63CC80BD}
	EndGlobalSection
EndGlobal
